
Microsoft Visual Studio Solution File, Format Version 12.00
# Visual Studio Version 17
VisualStudioVersion = 17.9.34728.123
MinimumVisualStudioVersion = 10.0.40219.1
Project("{FAE04EC0-301F-11D3-BF4B-00C04F79EFBC}") = "cabide-solidario", "cabide-solidario\cabide-solidario.csproj", "{4DD3D2CE-7D77-4F01-A218-BE553F2735FF}"
EndProject
Global
	GlobalSection(SolutionConfigurationPlatforms) = preSolution
		Debug|Any CPU = Debug|Any CPU
		Release|Any CPU = Release|Any CPU
	EndGlobalSection
	GlobalSection(ProjectConfigurationPlatforms) = postSolution
		{4DD3D2CE-7D77-4F01-A218-BE553F2735FF}.Debug|Any CPU.ActiveCfg = Debug|Any CPU
		{4DD3D2CE-7D77-4F01-A218-BE553F2735FF}.Debug|Any CPU.Build.0 = Debug|Any CPU
		{4DD3D2CE-7D77-4F01-A218-BE553F2735FF}.Release|Any CPU.ActiveCfg = Release|Any CPU
		{4DD3D2CE-7D77-4F01-A218-BE553F2735FF}.Release|Any CPU.Build.0 = Release|Any CPU
	EndGlobalSection
	GlobalSection(SolutionProperties) = preSolution
		HideSolutionNode = FALSE
	EndGlobalSection
	GlobalSection(ExtensibilityGlobals) = postSolution
		SolutionGuid = {FB130636-D717-4DEB-97A7-EF4E382A28D8}
	EndGlobalSection
EndGlobal
